
Microsoft Visual Studio Solution File, Format Version 12.00
Project("{FAE04EC0-301F-11D3-BF4B-00C04F79EFBC}") = "MsBuildBug", "MsBuildBug\MsBuildBug.csproj", "{62207188-C559-42F6-8D63-814CFB5799DB}"
EndProject
Project("{FAE04EC0-301F-11D3-BF4B-00C04F79EFBC}") = "MsBuildBugDependency", "MsBuildBugDependency\MsBuildBugDependency.csproj", "{77FAA21E-E3E1-4E8A-8D67-20369D601392}"
EndProject
Global
	GlobalSection(SolutionConfigurationPlatforms) = preSolution
		Debug|Any CPU = Debug|Any CPU
		Release|Any CPU = Release|Any CPU
	EndGlobalSection
	GlobalSection(ProjectConfigurationPlatforms) = postSolution
		{62207188-C559-42F6-8D63-814CFB5799DB}.Debug|Any CPU.ActiveCfg = Debug|Any CPU
		{62207188-C559-42F6-8D63-814CFB5799DB}.Debug|Any CPU.Build.0 = Debug|Any CPU
		{62207188-C559-42F6-8D63-814CFB5799DB}.Release|Any CPU.ActiveCfg = Release|Any CPU
		{62207188-C559-42F6-8D63-814CFB5799DB}.Release|Any CPU.Build.0 = Release|Any CPU
		{77FAA21E-E3E1-4E8A-8D67-20369D601392}.Debug|Any CPU.ActiveCfg = Debug|Any CPU
		{77FAA21E-E3E1-4E8A-8D67-20369D601392}.Debug|Any CPU.Build.0 = Debug|Any CPU
		{77FAA21E-E3E1-4E8A-8D67-20369D601392}.Release|Any CPU.ActiveCfg = Release|Any CPU
		{77FAA21E-E3E1-4E8A-8D67-20369D601392}.Release|Any CPU.Build.0 = Release|Any CPU
	EndGlobalSection
EndGlobal
