
Microsoft Visual Studio Solution File, Format Version 12.00
Project("{FAE04EC0-301F-11D3-BF4B-00C04F79EFBC}") = "AsyncAwait", "AsyncAwait\AsyncAwait.csproj", "{92A363A1-9C1E-409D-9F04-1F600DB8D082}"
EndProject
Project("{FAE04EC0-301F-11D3-BF4B-00C04F79EFBC}") = "ForEachVsLinqSumPerformance", "ForEachVsLinqSumPerformance\ForEachVsLinqSumPerformance.csproj", "{CCFC552B-F56F-47B5-9D4F-FF1FCD724747}"
EndProject
Project("{FAE04EC0-301F-11D3-BF4B-00C04F79EFBC}") = "ReferenceVsImplementationAssembly", "ReferenceVsImplementationAssembly\ReferenceVsImplementationAssembly.csproj", "{B81B598B-C011-4998-95F5-C77C2BC03874}"
EndProject
Project("{FAE04EC0-301F-11D3-BF4B-00C04F79EFBC}") = "Misc", "Misc\Misc.csproj", "{0C9C615B-E781-454F-883C-6E3756A4585E}"
EndProject
Project("{FAE04EC0-301F-11D3-BF4B-00C04F79EFBC}") = "ProtobufWithPipeParent", "ProtobufWithPipeParent\ProtobufWithPipeParent.csproj", "{0F79B104-3195-4303-AE58-002C26299242}"
EndProject
Project("{FAE04EC0-301F-11D3-BF4B-00C04F79EFBC}") = "ProtobufWithPipeChild", "ProtobufWithPipeChild\ProtobufWithPipeChild.csproj", "{99D0E264-A0AA-4A5D-B1DD-7B16689F610C}"
EndProject
Project("{FAE04EC0-301F-11D3-BF4B-00C04F79EFBC}") = "Struct", "Struct\Struct.csproj", "{F7001163-89B5-425B-949A-8FC7AA0C141A}"
EndProject
Project("{FAE04EC0-301F-11D3-BF4B-00C04F79EFBC}") = "Base64", "Base64\Base64.csproj", "{CD244947-0EF0-4D98-B8CE-1E0C1BEB02C9}"
EndProject
Project("{FAE04EC0-301F-11D3-BF4B-00C04F79EFBC}") = "HttpClient", "HttpClient\HttpClient.csproj", "{32CA8CC2-6301-49E7-94AE-7714BD777CAC}"
EndProject
Project("{FAE04EC0-301F-11D3-BF4B-00C04F79EFBC}") = "NullableTypes", "NullableTypes\NullableTypes.csproj", "{CFA4E6F8-4A65-4570-A0E3-515E9339AD36}"
EndProject
Project("{FAE04EC0-301F-11D3-BF4B-00C04F79EFBC}") = "DllImportSandbox", "DllImportSandbox\DllImportSandbox.csproj", "{70349615-9D05-482A-96C2-B30230DCC71E}"
EndProject
Project("{FAE04EC0-301F-11D3-BF4B-00C04F79EFBC}") = "SafeHandleDemo", "SafeHandleDemo\SafeHandleDemo.csproj", "{383C0EBB-C8F0-4127-B377-5308C65D80A0}"
EndProject
Project("{FAE04EC0-301F-11D3-BF4B-00C04F79EFBC}") = "Threading", "Threading\Threading.csproj", "{A78FBF85-7CCB-4C6A-867B-5770950D17FE}"
EndProject
Project("{FAE04EC0-301F-11D3-BF4B-00C04F79EFBC}") = "PixelConverter", "PixelConverter\PixelConverter.csproj", "{1ACC661B-B8EE-4911-8041-60DA5DB7584C}"
EndProject
Project("{FAE04EC0-301F-11D3-BF4B-00C04F79EFBC}") = "OutOfMemoryException", "OutOfMemoryException\OutOfMemoryException.csproj", "{31F05683-FBEA-46C3-9C28-1B1D5E0D358F}"
EndProject
Project("{FAE04EC0-301F-11D3-BF4B-00C04F79EFBC}") = "ActionBlockSandbox", "ActionBlockSandbox\ActionBlockSandbox.csproj", "{137DC263-AC8D-41DB-A9BA-A1925CD546D2}"
EndProject
Project("{FAE04EC0-301F-11D3-BF4B-00C04F79EFBC}") = "CsvParser", "CsvParser\CsvParser.csproj", "{ABC449FD-0A43-4147-B329-41FE351CCA87}"
EndProject
Global
	GlobalSection(SolutionConfigurationPlatforms) = preSolution
		Debug|Any CPU = Debug|Any CPU
		Release|Any CPU = Release|Any CPU
	EndGlobalSection
	GlobalSection(ProjectConfigurationPlatforms) = postSolution
		{92A363A1-9C1E-409D-9F04-1F600DB8D082}.Debug|Any CPU.ActiveCfg = Debug|Any CPU
		{92A363A1-9C1E-409D-9F04-1F600DB8D082}.Debug|Any CPU.Build.0 = Debug|Any CPU
		{92A363A1-9C1E-409D-9F04-1F600DB8D082}.Release|Any CPU.ActiveCfg = Release|Any CPU
		{92A363A1-9C1E-409D-9F04-1F600DB8D082}.Release|Any CPU.Build.0 = Release|Any CPU
		{CCFC552B-F56F-47B5-9D4F-FF1FCD724747}.Debug|Any CPU.ActiveCfg = Debug|Any CPU
		{CCFC552B-F56F-47B5-9D4F-FF1FCD724747}.Debug|Any CPU.Build.0 = Debug|Any CPU
		{CCFC552B-F56F-47B5-9D4F-FF1FCD724747}.Release|Any CPU.ActiveCfg = Release|Any CPU
		{CCFC552B-F56F-47B5-9D4F-FF1FCD724747}.Release|Any CPU.Build.0 = Release|Any CPU
		{B81B598B-C011-4998-95F5-C77C2BC03874}.Debug|Any CPU.ActiveCfg = Debug|Any CPU
		{B81B598B-C011-4998-95F5-C77C2BC03874}.Debug|Any CPU.Build.0 = Debug|Any CPU
		{B81B598B-C011-4998-95F5-C77C2BC03874}.Release|Any CPU.ActiveCfg = Release|Any CPU
		{B81B598B-C011-4998-95F5-C77C2BC03874}.Release|Any CPU.Build.0 = Release|Any CPU
		{0C9C615B-E781-454F-883C-6E3756A4585E}.Debug|Any CPU.ActiveCfg = Debug|Any CPU
		{0C9C615B-E781-454F-883C-6E3756A4585E}.Debug|Any CPU.Build.0 = Debug|Any CPU
		{0C9C615B-E781-454F-883C-6E3756A4585E}.Release|Any CPU.ActiveCfg = Release|Any CPU
		{0C9C615B-E781-454F-883C-6E3756A4585E}.Release|Any CPU.Build.0 = Release|Any CPU
		{0F79B104-3195-4303-AE58-002C26299242}.Debug|Any CPU.ActiveCfg = Debug|Any CPU
		{0F79B104-3195-4303-AE58-002C26299242}.Debug|Any CPU.Build.0 = Debug|Any CPU
		{0F79B104-3195-4303-AE58-002C26299242}.Release|Any CPU.ActiveCfg = Release|Any CPU
		{0F79B104-3195-4303-AE58-002C26299242}.Release|Any CPU.Build.0 = Release|Any CPU
		{99D0E264-A0AA-4A5D-B1DD-7B16689F610C}.Debug|Any CPU.ActiveCfg = Debug|Any CPU
		{99D0E264-A0AA-4A5D-B1DD-7B16689F610C}.Debug|Any CPU.Build.0 = Debug|Any CPU
		{99D0E264-A0AA-4A5D-B1DD-7B16689F610C}.Release|Any CPU.ActiveCfg = Release|Any CPU
		{99D0E264-A0AA-4A5D-B1DD-7B16689F610C}.Release|Any CPU.Build.0 = Release|Any CPU
		{F7001163-89B5-425B-949A-8FC7AA0C141A}.Debug|Any CPU.ActiveCfg = Debug|Any CPU
		{F7001163-89B5-425B-949A-8FC7AA0C141A}.Debug|Any CPU.Build.0 = Debug|Any CPU
		{F7001163-89B5-425B-949A-8FC7AA0C141A}.Release|Any CPU.ActiveCfg = Release|Any CPU
		{F7001163-89B5-425B-949A-8FC7AA0C141A}.Release|Any CPU.Build.0 = Release|Any CPU
		{CD244947-0EF0-4D98-B8CE-1E0C1BEB02C9}.Debug|Any CPU.ActiveCfg = Debug|Any CPU
		{CD244947-0EF0-4D98-B8CE-1E0C1BEB02C9}.Debug|Any CPU.Build.0 = Debug|Any CPU
		{CD244947-0EF0-4D98-B8CE-1E0C1BEB02C9}.Release|Any CPU.ActiveCfg = Release|Any CPU
		{CD244947-0EF0-4D98-B8CE-1E0C1BEB02C9}.Release|Any CPU.Build.0 = Release|Any CPU
		{32CA8CC2-6301-49E7-94AE-7714BD777CAC}.Debug|Any CPU.ActiveCfg = Debug|Any CPU
		{32CA8CC2-6301-49E7-94AE-7714BD777CAC}.Debug|Any CPU.Build.0 = Debug|Any CPU
		{32CA8CC2-6301-49E7-94AE-7714BD777CAC}.Release|Any CPU.ActiveCfg = Release|Any CPU
		{32CA8CC2-6301-49E7-94AE-7714BD777CAC}.Release|Any CPU.Build.0 = Release|Any CPU
		{CFA4E6F8-4A65-4570-A0E3-515E9339AD36}.Debug|Any CPU.ActiveCfg = Debug|Any CPU
		{CFA4E6F8-4A65-4570-A0E3-515E9339AD36}.Debug|Any CPU.Build.0 = Debug|Any CPU
		{CFA4E6F8-4A65-4570-A0E3-515E9339AD36}.Release|Any CPU.ActiveCfg = Release|Any CPU
		{CFA4E6F8-4A65-4570-A0E3-515E9339AD36}.Release|Any CPU.Build.0 = Release|Any CPU
		{70349615-9D05-482A-96C2-B30230DCC71E}.Debug|Any CPU.ActiveCfg = Debug|Any CPU
		{70349615-9D05-482A-96C2-B30230DCC71E}.Debug|Any CPU.Build.0 = Debug|Any CPU
		{70349615-9D05-482A-96C2-B30230DCC71E}.Release|Any CPU.ActiveCfg = Release|x64
		{70349615-9D05-482A-96C2-B30230DCC71E}.Release|Any CPU.Build.0 = Release|x64
		{383C0EBB-C8F0-4127-B377-5308C65D80A0}.Debug|Any CPU.ActiveCfg = Debug|Any CPU
		{383C0EBB-C8F0-4127-B377-5308C65D80A0}.Debug|Any CPU.Build.0 = Debug|Any CPU
		{383C0EBB-C8F0-4127-B377-5308C65D80A0}.Release|Any CPU.ActiveCfg = Release|Any CPU
		{383C0EBB-C8F0-4127-B377-5308C65D80A0}.Release|Any CPU.Build.0 = Release|Any CPU
		{A78FBF85-7CCB-4C6A-867B-5770950D17FE}.Debug|Any CPU.ActiveCfg = Debug|Any CPU
		{A78FBF85-7CCB-4C6A-867B-5770950D17FE}.Debug|Any CPU.Build.0 = Debug|Any CPU
		{A78FBF85-7CCB-4C6A-867B-5770950D17FE}.Release|Any CPU.ActiveCfg = Release|Any CPU
		{A78FBF85-7CCB-4C6A-867B-5770950D17FE}.Release|Any CPU.Build.0 = Release|Any CPU
		{1ACC661B-B8EE-4911-8041-60DA5DB7584C}.Debug|Any CPU.ActiveCfg = Debug|Any CPU
		{1ACC661B-B8EE-4911-8041-60DA5DB7584C}.Debug|Any CPU.Build.0 = Debug|Any CPU
		{1ACC661B-B8EE-4911-8041-60DA5DB7584C}.Release|Any CPU.ActiveCfg = Release|Any CPU
		{1ACC661B-B8EE-4911-8041-60DA5DB7584C}.Release|Any CPU.Build.0 = Release|Any CPU
		{31F05683-FBEA-46C3-9C28-1B1D5E0D358F}.Debug|Any CPU.ActiveCfg = Debug|Any CPU
		{31F05683-FBEA-46C3-9C28-1B1D5E0D358F}.Debug|Any CPU.Build.0 = Debug|Any CPU
		{31F05683-FBEA-46C3-9C28-1B1D5E0D358F}.Release|Any CPU.ActiveCfg = Release|Any CPU
		{31F05683-FBEA-46C3-9C28-1B1D5E0D358F}.Release|Any CPU.Build.0 = Release|Any CPU
		{137DC263-AC8D-41DB-A9BA-A1925CD546D2}.Debug|Any CPU.ActiveCfg = Debug|Any CPU
		{137DC263-AC8D-41DB-A9BA-A1925CD546D2}.Debug|Any CPU.Build.0 = Debug|Any CPU
		{137DC263-AC8D-41DB-A9BA-A1925CD546D2}.Release|Any CPU.ActiveCfg = Release|Any CPU
		{137DC263-AC8D-41DB-A9BA-A1925CD546D2}.Release|Any CPU.Build.0 = Release|Any CPU
		{ABC449FD-0A43-4147-B329-41FE351CCA87}.Debug|Any CPU.ActiveCfg = Debug|Any CPU
		{ABC449FD-0A43-4147-B329-41FE351CCA87}.Debug|Any CPU.Build.0 = Debug|Any CPU
		{ABC449FD-0A43-4147-B329-41FE351CCA87}.Release|Any CPU.ActiveCfg = Release|Any CPU
		{ABC449FD-0A43-4147-B329-41FE351CCA87}.Release|Any CPU.Build.0 = Release|Any CPU
	EndGlobalSection
EndGlobal
