
Microsoft Visual Studio Solution File, Format Version 12.00
Project("{FAE04EC0-301F-11D3-BF4B-00C04F79EFBC}") = "AsyncAwait", "AsyncAwait\AsyncAwait.csproj", "{92A363A1-9C1E-409D-9F04-1F600DB8D082}"
EndProject
Project("{FAE04EC0-301F-11D3-BF4B-00C04F79EFBC}") = "ForEachVsLinqSumPerformance", "ForEachVsLinqSumPerformance\ForEachVsLinqSumPerformance.csproj", "{CCFC552B-F56F-47B5-9D4F-FF1FCD724747}"
EndProject
Project("{FAE04EC0-301F-11D3-BF4B-00C04F79EFBC}") = "ReferenceVsImplementationAssembly", "ReferenceVsImplementationAssembly\ReferenceVsImplementationAssembly.csproj", "{B81B598B-C011-4998-95F5-C77C2BC03874}"
EndProject
Project("{FAE04EC0-301F-11D3-BF4B-00C04F79EFBC}") = "Misc", "Misc\Misc.csproj", "{0C9C615B-E781-454F-883C-6E3756A4585E}"
EndProject
Project("{FAE04EC0-301F-11D3-BF4B-00C04F79EFBC}") = "ProtobufWithPipeParent", "ProtobufWithPipeParent\ProtobufWithPipeParent.csproj", "{0F79B104-3195-4303-AE58-002C26299242}"
EndProject
Project("{FAE04EC0-301F-11D3-BF4B-00C04F79EFBC}") = "ProtobufWithPipeChild", "ProtobufWithPipeChild\ProtobufWithPipeChild.csproj", "{99D0E264-A0AA-4A5D-B1DD-7B16689F610C}"
EndProject
Project("{FAE04EC0-301F-11D3-BF4B-00C04F79EFBC}") = "Struct", "Struct\Struct.csproj", "{F7001163-89B5-425B-949A-8FC7AA0C141A}"
EndProject
Project("{FAE04EC0-301F-11D3-BF4B-00C04F79EFBC}") = "Base64", "Base64\Base64.csproj", "{CD244947-0EF0-4D98-B8CE-1E0C1BEB02C9}"
EndProject
Project("{FAE04EC0-301F-11D3-BF4B-00C04F79EFBC}") = "TerminateConsoleApp", "TerminateConsoleApp\TerminateConsoleApp.csproj", "{9342B3A7-5D14-47CD-9DD5-6BEEE4174A3D}"
EndProject
Project("{FAE04EC0-301F-11D3-BF4B-00C04F79EFBC}") = "HttpClientWithRetry", "HttpClientWithRetry\HttpClientWithRetry.csproj", "{59FB6DC3-1981-4A19-B7D6-1E29FFC4F726}"
EndProject
Global
	GlobalSection(SolutionConfigurationPlatforms) = preSolution
		Debug|Any CPU = Debug|Any CPU
		Release|Any CPU = Release|Any CPU
	EndGlobalSection
	GlobalSection(ProjectConfigurationPlatforms) = postSolution
		{92A363A1-9C1E-409D-9F04-1F600DB8D082}.Debug|Any CPU.ActiveCfg = Debug|Any CPU
		{92A363A1-9C1E-409D-9F04-1F600DB8D082}.Debug|Any CPU.Build.0 = Debug|Any CPU
		{92A363A1-9C1E-409D-9F04-1F600DB8D082}.Release|Any CPU.ActiveCfg = Release|Any CPU
		{92A363A1-9C1E-409D-9F04-1F600DB8D082}.Release|Any CPU.Build.0 = Release|Any CPU
		{CCFC552B-F56F-47B5-9D4F-FF1FCD724747}.Debug|Any CPU.ActiveCfg = Debug|Any CPU
		{CCFC552B-F56F-47B5-9D4F-FF1FCD724747}.Debug|Any CPU.Build.0 = Debug|Any CPU
		{CCFC552B-F56F-47B5-9D4F-FF1FCD724747}.Release|Any CPU.ActiveCfg = Release|Any CPU
		{CCFC552B-F56F-47B5-9D4F-FF1FCD724747}.Release|Any CPU.Build.0 = Release|Any CPU
		{B81B598B-C011-4998-95F5-C77C2BC03874}.Debug|Any CPU.ActiveCfg = Debug|Any CPU
		{B81B598B-C011-4998-95F5-C77C2BC03874}.Debug|Any CPU.Build.0 = Debug|Any CPU
		{B81B598B-C011-4998-95F5-C77C2BC03874}.Release|Any CPU.ActiveCfg = Release|Any CPU
		{B81B598B-C011-4998-95F5-C77C2BC03874}.Release|Any CPU.Build.0 = Release|Any CPU
		{0C9C615B-E781-454F-883C-6E3756A4585E}.Debug|Any CPU.ActiveCfg = Debug|Any CPU
		{0C9C615B-E781-454F-883C-6E3756A4585E}.Debug|Any CPU.Build.0 = Debug|Any CPU
		{0C9C615B-E781-454F-883C-6E3756A4585E}.Release|Any CPU.ActiveCfg = Release|Any CPU
		{0C9C615B-E781-454F-883C-6E3756A4585E}.Release|Any CPU.Build.0 = Release|Any CPU
		{0F79B104-3195-4303-AE58-002C26299242}.Debug|Any CPU.ActiveCfg = Debug|Any CPU
		{0F79B104-3195-4303-AE58-002C26299242}.Debug|Any CPU.Build.0 = Debug|Any CPU
		{0F79B104-3195-4303-AE58-002C26299242}.Release|Any CPU.ActiveCfg = Release|Any CPU
		{0F79B104-3195-4303-AE58-002C26299242}.Release|Any CPU.Build.0 = Release|Any CPU
		{99D0E264-A0AA-4A5D-B1DD-7B16689F610C}.Debug|Any CPU.ActiveCfg = Debug|Any CPU
		{99D0E264-A0AA-4A5D-B1DD-7B16689F610C}.Debug|Any CPU.Build.0 = Debug|Any CPU
		{99D0E264-A0AA-4A5D-B1DD-7B16689F610C}.Release|Any CPU.ActiveCfg = Release|Any CPU
		{99D0E264-A0AA-4A5D-B1DD-7B16689F610C}.Release|Any CPU.Build.0 = Release|Any CPU
		{F7001163-89B5-425B-949A-8FC7AA0C141A}.Debug|Any CPU.ActiveCfg = Debug|Any CPU
		{F7001163-89B5-425B-949A-8FC7AA0C141A}.Debug|Any CPU.Build.0 = Debug|Any CPU
		{F7001163-89B5-425B-949A-8FC7AA0C141A}.Release|Any CPU.ActiveCfg = Release|Any CPU
		{F7001163-89B5-425B-949A-8FC7AA0C141A}.Release|Any CPU.Build.0 = Release|Any CPU
		{CD244947-0EF0-4D98-B8CE-1E0C1BEB02C9}.Debug|Any CPU.ActiveCfg = Debug|Any CPU
		{CD244947-0EF0-4D98-B8CE-1E0C1BEB02C9}.Debug|Any CPU.Build.0 = Debug|Any CPU
		{CD244947-0EF0-4D98-B8CE-1E0C1BEB02C9}.Release|Any CPU.ActiveCfg = Release|Any CPU
		{CD244947-0EF0-4D98-B8CE-1E0C1BEB02C9}.Release|Any CPU.Build.0 = Release|Any CPU
		{9342B3A7-5D14-47CD-9DD5-6BEEE4174A3D}.Debug|Any CPU.ActiveCfg = Debug|Any CPU
		{9342B3A7-5D14-47CD-9DD5-6BEEE4174A3D}.Debug|Any CPU.Build.0 = Debug|Any CPU
		{9342B3A7-5D14-47CD-9DD5-6BEEE4174A3D}.Release|Any CPU.ActiveCfg = Release|Any CPU
		{9342B3A7-5D14-47CD-9DD5-6BEEE4174A3D}.Release|Any CPU.Build.0 = Release|Any CPU
		{59FB6DC3-1981-4A19-B7D6-1E29FFC4F726}.Debug|Any CPU.ActiveCfg = Debug|Any CPU
		{59FB6DC3-1981-4A19-B7D6-1E29FFC4F726}.Debug|Any CPU.Build.0 = Debug|Any CPU
		{59FB6DC3-1981-4A19-B7D6-1E29FFC4F726}.Release|Any CPU.ActiveCfg = Release|Any CPU
		{59FB6DC3-1981-4A19-B7D6-1E29FFC4F726}.Release|Any CPU.Build.0 = Release|Any CPU
	EndGlobalSection
EndGlobal
