
Microsoft Visual Studio Solution File, Format Version 12.00
Project("{FAE04EC0-301F-11D3-BF4B-00C04F79EFBC}") = "AsyncAwait", "AsyncAwait\AsyncAwait.csproj", "{92A363A1-9C1E-409D-9F04-1F600DB8D082}"
EndProject
Project("{FAE04EC0-301F-11D3-BF4B-00C04F79EFBC}") = "ForEachVsLinqSumPerformance", "ForEachVsLinqSumPerformance\ForEachVsLinqSumPerformance.csproj", "{CCFC552B-F56F-47B5-9D4F-FF1FCD724747}"
EndProject
Project("{FAE04EC0-301F-11D3-BF4B-00C04F79EFBC}") = "ReferenceVsImplementationAssembly", "ReferenceVsImplementationAssembly\ReferenceVsImplementationAssembly.csproj", "{B81B598B-C011-4998-95F5-C77C2BC03874}"
EndProject
Project("{FAE04EC0-301F-11D3-BF4B-00C04F79EFBC}") = "Struct", "Struct\Struct.csproj", "{F7001163-89B5-425B-949A-8FC7AA0C141A}"
EndProject
Global
	GlobalSection(SolutionConfigurationPlatforms) = preSolution
		Debug|Any CPU = Debug|Any CPU
		Release|Any CPU = Release|Any CPU
	EndGlobalSection
	GlobalSection(ProjectConfigurationPlatforms) = postSolution
		{92A363A1-9C1E-409D-9F04-1F600DB8D082}.Debug|Any CPU.ActiveCfg = Debug|Any CPU
		{92A363A1-9C1E-409D-9F04-1F600DB8D082}.Debug|Any CPU.Build.0 = Debug|Any CPU
		{92A363A1-9C1E-409D-9F04-1F600DB8D082}.Release|Any CPU.ActiveCfg = Release|Any CPU
		{92A363A1-9C1E-409D-9F04-1F600DB8D082}.Release|Any CPU.Build.0 = Release|Any CPU
		{CCFC552B-F56F-47B5-9D4F-FF1FCD724747}.Debug|Any CPU.ActiveCfg = Debug|Any CPU
		{CCFC552B-F56F-47B5-9D4F-FF1FCD724747}.Debug|Any CPU.Build.0 = Debug|Any CPU
		{CCFC552B-F56F-47B5-9D4F-FF1FCD724747}.Release|Any CPU.ActiveCfg = Release|Any CPU
		{CCFC552B-F56F-47B5-9D4F-FF1FCD724747}.Release|Any CPU.Build.0 = Release|Any CPU
		{B81B598B-C011-4998-95F5-C77C2BC03874}.Debug|Any CPU.ActiveCfg = Debug|Any CPU
		{B81B598B-C011-4998-95F5-C77C2BC03874}.Debug|Any CPU.Build.0 = Debug|Any CPU
		{B81B598B-C011-4998-95F5-C77C2BC03874}.Release|Any CPU.ActiveCfg = Release|Any CPU
		{B81B598B-C011-4998-95F5-C77C2BC03874}.Release|Any CPU.Build.0 = Release|Any CPU
		{F7001163-89B5-425B-949A-8FC7AA0C141A}.Debug|Any CPU.ActiveCfg = Debug|Any CPU
		{F7001163-89B5-425B-949A-8FC7AA0C141A}.Debug|Any CPU.Build.0 = Debug|Any CPU
		{F7001163-89B5-425B-949A-8FC7AA0C141A}.Release|Any CPU.ActiveCfg = Release|Any CPU
		{F7001163-89B5-425B-949A-8FC7AA0C141A}.Release|Any CPU.Build.0 = Release|Any CPU
	EndGlobalSection
EndGlobal
