
Microsoft Visual Studio Solution File, Format Version 12.00
Project("{FAE04EC0-301F-11D3-BF4B-00C04F79EFBC}") = "IdempotentRetriesSandbox", "IdempotentRetriesSandbox\IdempotentRetriesSandbox.csproj", "{3BDE484E-7331-4100-B3A2-4F7CEEBED58D}"
EndProject
Global
	GlobalSection(SolutionConfigurationPlatforms) = preSolution
		Debug|Any CPU = Debug|Any CPU
		Release|Any CPU = Release|Any CPU
	EndGlobalSection
	GlobalSection(ProjectConfigurationPlatforms) = postSolution
		{3BDE484E-7331-4100-B3A2-4F7CEEBED58D}.Debug|Any CPU.ActiveCfg = Debug|Any CPU
		{3BDE484E-7331-4100-B3A2-4F7CEEBED58D}.Debug|Any CPU.Build.0 = Debug|Any CPU
		{3BDE484E-7331-4100-B3A2-4F7CEEBED58D}.Release|Any CPU.ActiveCfg = Release|Any CPU
		{3BDE484E-7331-4100-B3A2-4F7CEEBED58D}.Release|Any CPU.Build.0 = Release|Any CPU
	EndGlobalSection
EndGlobal
