
Microsoft Visual Studio Solution File, Format Version 12.00
Project("{FAE04EC0-301F-11D3-BF4B-00C04F79EFBC}") = "AspNetSandbox", "AspNetSandbox\AspNetSandbox.csproj", "{A526B9CB-8D18-47F5-ABEA-CEA831E01A3C}"
EndProject
Project("{2150E333-8FDC-42A3-9474-1A3956D46DE8}") = "Solution Items", "Solution Items", "{9A376991-CD40-436F-920D-E3C5140D620C}"
	ProjectSection(SolutionItems) = preProject
		.editorconfig = .editorconfig
	EndProjectSection
EndProject
Global
	GlobalSection(SolutionConfigurationPlatforms) = preSolution
		Debug|Any CPU = Debug|Any CPU
		Release|Any CPU = Release|Any CPU
	EndGlobalSection
	GlobalSection(ProjectConfigurationPlatforms) = postSolution
		{A526B9CB-8D18-47F5-ABEA-CEA831E01A3C}.Debug|Any CPU.ActiveCfg = Debug|Any CPU
		{A526B9CB-8D18-47F5-ABEA-CEA831E01A3C}.Debug|Any CPU.Build.0 = Debug|Any CPU
		{A526B9CB-8D18-47F5-ABEA-CEA831E01A3C}.Release|Any CPU.ActiveCfg = Release|Any CPU
		{A526B9CB-8D18-47F5-ABEA-CEA831E01A3C}.Release|Any CPU.Build.0 = Release|Any CPU
	EndGlobalSection
EndGlobal
